<?xml version="1.0" encoding="utf-8"?>
<Project ToolsVersion="4.0" xmlns="http://schemas.microsoft.com/developer/msbuild/2003">
  <ItemGroup>
    <Filter Include="Core">
      <UniqueIdentifier>{cae5a814-1b15-42f6-9ece-88ad9497b77f}</UniqueIdentifier>
    </Filter>
    <Filter Include="Macros">
      <UniqueIdentifier>{b292a5d2-fad6-4fbe-9947-1ed3367c204e}</UniqueIdentifier>
    </Filter>
  </ItemGroup>
  <ItemGroup>
    <ClInclude Include="Core\GameEngineCore.h">
      <Filter>Core</Filter>
    </ClInclude>
    <ClInclude Include="Core\Incrementator.h">
      <Filter>Core</Filter>
    </ClInclude>
    <ClInclude Include="Macros\DLL.h">
      <Filter>Macros</Filter>
    </ClInclude>
  </ItemGroup>
  <ItemGroup>
    <ClCompile Include="dllmain.cpp" />
    <ClCompile Include="Core\GameEngineCore.cpp">
      <Filter>Core</Filter>
    </ClCompile>
  </ItemGroup>
</Project>