<?xml version="1.0" encoding="utf-8"?>
<Project ToolsVersion="4.0" xmlns="http://schemas.microsoft.com/developer/msbuild/2003">
  <ItemGroup>
    <Filter Include="Macros">
      <UniqueIdentifier>{b292a5d2-fad6-4fbe-9947-1ed3367c204e}</UniqueIdentifier>
    </Filter>
    <Filter Include="Util">
      <UniqueIdentifier>{b6b62877-c02e-4aa6-a920-429dd1403f99}</UniqueIdentifier>
    </Filter>
    <Filter Include="GameEngine">
      <UniqueIdentifier>{cae5a814-1b15-42f6-9ece-88ad9497b77f}</UniqueIdentifier>
    </Filter>
    <Filter Include="Modules">
      <UniqueIdentifier>{2bb8c184-1e03-4703-a080-d73024c78f9a}</UniqueIdentifier>
    </Filter>
    <Filter Include="Util\Memory">
      <UniqueIdentifier>{a620938c-ffca-4f10-a11d-1cf834629d5e}</UniqueIdentifier>
    </Filter>
    <Filter Include="Util\BitField">
      <UniqueIdentifier>{69118dec-70b2-40cf-aa9d-b9162c17e49d}</UniqueIdentifier>
    </Filter>
    <Filter Include="Math">
      <UniqueIdentifier>{001d3e01-bbc1-4534-8f37-ce2568880dc2}</UniqueIdentifier>
    </Filter>
    <Filter Include="Util\Enum">
      <UniqueIdentifier>{ca96ce82-0786-4f67-bc0b-a405d8ee765a}</UniqueIdentifier>
    </Filter>
    <Filter Include="Util\Identifier">
      <UniqueIdentifier>{22d38114-2138-4699-91ea-4f3dc64b79d7}</UniqueIdentifier>
    </Filter>
    <Filter Include="Util\Callback">
      <UniqueIdentifier>{828d9ba0-9b2c-4d59-a931-a49907030ba8}</UniqueIdentifier>
    </Filter>
    <Filter Include="Util\Assert">
      <UniqueIdentifier>{59ed8b76-c44c-40f0-a792-93e8b9f19bce}</UniqueIdentifier>
    </Filter>
  </ItemGroup>
  <ItemGroup>
    <ClInclude Include="Macros\DLL.h">
      <Filter>Macros</Filter>
    </ClInclude>
    <ClInclude Include="Core\Engine.h">
      <Filter>GameEngine</Filter>
    </ClInclude>
    <ClInclude Include="Core\Scheduler.h">
      <Filter>GameEngine</Filter>
    </ClInclude>
    <ClInclude Include="Modules\TaskNode.h">
      <Filter>Modules</Filter>
    </ClInclude>
    <ClInclude Include="Modules\IModule.h">
      <Filter>Modules</Filter>
    </ClInclude>
    <ClInclude Include="Util\Constants.h">
      <Filter>Util</Filter>
    </ClInclude>
    <ClInclude Include="Util\Memory\BaseMemoryPool.h">
      <Filter>Util\Memory</Filter>
    </ClInclude>
    <ClInclude Include="Util\BitField\SlotManager.h">
      <Filter>Util\BitField</Filter>
    </ClInclude>
    <ClInclude Include="Math\Bounds.h">
      <Filter>Math</Filter>
    </ClInclude>
    <ClInclude Include="Modules\IEngineModule.h">
      <Filter>Modules</Filter>
    </ClInclude>
    <ClInclude Include="Modules\ModuleDictionary.h">
      <Filter>Modules</Filter>
    </ClInclude>
    <ClInclude Include="Modules\TaskTree.h">
      <Filter>Modules</Filter>
    </ClInclude>
    <ClInclude Include="Util\BitField\FlagContainer.h">
      <Filter>Util\BitField</Filter>
    </ClInclude>
    <ClInclude Include="Util\BitField\StaticFlagContainer.h">
      <Filter>Util\BitField</Filter>
    </ClInclude>
    <ClInclude Include="Util\Callback\Callback.h">
      <Filter>Util\Callback</Filter>
    </ClInclude>
    <ClInclude Include="Util\Identifier\Incrementator.h">
      <Filter>Util\Identifier</Filter>
    </ClInclude>
    <ClInclude Include="Util\Identifier\IncrementatorEnum.h">
      <Filter>Util\Identifier</Filter>
    </ClInclude>
    <ClInclude Include="Util\Enum\DistributedEnum.h">
      <Filter>Util\Enum</Filter>
    </ClInclude>
    <ClInclude Include="Util\Assert\Assert.h">
      <Filter>Util\Assert</Filter>
    </ClInclude>
    <ClInclude Include="PrecompiledHeader.h" />
    <ClInclude Include="Util\Assert\CustomAsserFunction.h" />
    <ClInclude Include="Util\Assert\CustomAssertFunction.h" />
  </ItemGroup>
  <ItemGroup>
    <ClCompile Include="Core\Engine.cpp">
      <Filter>GameEngine</Filter>
    </ClCompile>
    <ClCompile Include="Core\Scheduler.cpp">
      <Filter>GameEngine</Filter>
    </ClCompile>
    <ClCompile Include="Modules\IEngineModule.cpp">
      <Filter>Modules</Filter>
    </ClCompile>
    <ClCompile Include="Util\Memory\BaseMemoryPool.cpp">
      <Filter>Util\Memory</Filter>
    </ClCompile>
    <ClCompile Include="Util\BitField\SlotManager.cpp">
      <Filter>Util\BitField</Filter>
    </ClCompile>
    <ClCompile Include="Modules\ModuleDictionary.cpp">
      <Filter>Modules</Filter>
    </ClCompile>
    <ClCompile Include="Modules\TaskNode.inl">
      <Filter>Modules</Filter>
    </ClCompile>
    <ClCompile Include="Modules\TaskTree.cpp">
      <Filter>Modules</Filter>
    </ClCompile>
    <ClCompile Include="Util\BitField\FlagContainer.cpp">
      <Filter>Util\BitField</Filter>
    </ClCompile>
    <ClCompile Include="dllmain.cpp" />
    <ClCompile Include="PrecompiledHeader.cpp" />
  </ItemGroup>
  <ItemGroup>
    <None Include="Util\Memory\BaseMemoryPool.inl">
      <Filter>Util\Memory</Filter>
    </None>
    <None Include="Modules\IEngineModule.inl">
      <Filter>Modules</Filter>
    </None>
    <None Include="Modules\ModuleDictionary.inl">
      <Filter>Modules</Filter>
    </None>
    <None Include="Util\BitField\FlagContainer.inl">
      <Filter>Util\BitField</Filter>
    </None>
    <None Include="Util\BitField\StaticFlagContainer.inl">
      <Filter>Util\BitField</Filter>
    </None>
    <None Include="Util\Callback\Callback.inl">
      <Filter>Util\Callback</Filter>
    </None>
    <None Include="util\assert\customassertfunction.inl" />
    <None Include="Util\BitField\SlotManager.inl" />
  </ItemGroup>
</Project>