<?xml version="1.0" encoding="utf-8"?>
<Project ToolsVersion="4.0" xmlns="http://schemas.microsoft.com/developer/msbuild/2003">
  <ItemGroup>
    <Filter Include="Core">
      <UniqueIdentifier>{74c2e9b1-c532-484b-b070-a43181c6d4ea}</UniqueIdentifier>
    </Filter>
    <Filter Include="Macros">
      <UniqueIdentifier>{23e2f5cb-5426-4d80-aa63-bc41aa2fe314}</UniqueIdentifier>
    </Filter>
  </ItemGroup>
  <ItemGroup>
    <ClInclude Include="Core\GameEngineCore.h">
      <Filter>Core</Filter>
    </ClInclude>
    <ClInclude Include="Macros\DLL.h">
      <Filter>Macros</Filter>
    </ClInclude>
  </ItemGroup>
</Project>